
Microsoft Visual Studio Solution File, Format Version 12.00
# Visual Studio Version 16
VisualStudioVersion = 16.0.28407.52
MinimumVisualStudioVersion = 10.0.40219.1
Project("{9A19103F-16F7-4668-BE54-9A1E7A4F7556}") = "VS2019Identity", "VS2019Identity.csproj", "{D6D8B4BA-5B69-47DB-8D83-651D50DC6806}"
EndProject
Global
	GlobalSection(SolutionConfigurationPlatforms) = preSolution
		Debug|Any CPU = Debug|Any CPU
		Release|Any CPU = Release|Any CPU
	EndGlobalSection
	GlobalSection(ProjectConfigurationPlatforms) = postSolution
		{D6D8B4BA-5B69-47DB-8D83-651D50DC6806}.Debug|Any CPU.ActiveCfg = Debug|Any CPU
		{D6D8B4BA-5B69-47DB-8D83-651D50DC6806}.Debug|Any CPU.Build.0 = Debug|Any CPU
		{D6D8B4BA-5B69-47DB-8D83-651D50DC6806}.Release|Any CPU.ActiveCfg = Release|Any CPU
		{D6D8B4BA-5B69-47DB-8D83-651D50DC6806}.Release|Any CPU.Build.0 = Release|Any CPU
	EndGlobalSection
	GlobalSection(SolutionProperties) = preSolution
		HideSolutionNode = FALSE
	EndGlobalSection
	GlobalSection(ExtensibilityGlobals) = postSolution
		SolutionGuid = {D1D273BC-4024-4D51-93EF-2B638F1AACEE}
	EndGlobalSection
EndGlobal
